
Microsoft Visual Studio Solution File, Format Version 12.00
# Visual Studio 15
VisualStudioVersion = 15.0.27130.2010
MinimumVisualStudioVersion = 10.0.40219.1
Project("{F184B08F-C81C-45F6-A57F-5ABD9991F28F}") = "SIMS", "SIMS.vbproj", "{AA411233-58A6-4F72-B762-82EB841E2120}"
EndProject
Project("{FAE04EC0-301F-11D3-BF4B-00C04F79EFBC}") = "Data", "Data\Data.csproj", "{95601293-C09E-42AA-8186-610809F04374}"
EndProject
Project("{FAE04EC0-301F-11D3-BF4B-00C04F79EFBC}") = "SIMS2017", "..\SIMS2017\SIMS2017.csproj", "{89E6344F-76EA-4903-97C7-697BC9EA955E}"
EndProject
Project("{FAE04EC0-301F-11D3-BF4B-00C04F79EFBC}") = "Core", "..\Core\Core.csproj", "{4D240943-1B6D-4B33-A217-44F37A254B5C}"
EndProject
Project("{FAE04EC0-301F-11D3-BF4B-00C04F79EFBC}") = "Safety", "..\Safety\Safety.csproj", "{053DBDC4-4A20-48DB-A344-90AC9A53FD50}"
EndProject
Project("{FAE04EC0-301F-11D3-BF4B-00C04F79EFBC}") = "RMS", "..\RMS\RMS.csproj", "{BDA56F1C-2EEB-4A09-A69A-EB34B43414E9}"
EndProject
Global
	GlobalSection(SolutionConfigurationPlatforms) = preSolution
		Debug|Any CPU = Debug|Any CPU
		Release|Any CPU = Release|Any CPU
	EndGlobalSection
	GlobalSection(ProjectConfigurationPlatforms) = postSolution
		{AA411233-58A6-4F72-B762-82EB841E2120}.Debug|Any CPU.ActiveCfg = Debug|Any CPU
		{AA411233-58A6-4F72-B762-82EB841E2120}.Debug|Any CPU.Build.0 = Debug|Any CPU
		{AA411233-58A6-4F72-B762-82EB841E2120}.Release|Any CPU.ActiveCfg = Release|Any CPU
		{AA411233-58A6-4F72-B762-82EB841E2120}.Release|Any CPU.Build.0 = Release|Any CPU
		{95601293-C09E-42AA-8186-610809F04374}.Debug|Any CPU.ActiveCfg = Debug|Any CPU
		{95601293-C09E-42AA-8186-610809F04374}.Debug|Any CPU.Build.0 = Debug|Any CPU
		{95601293-C09E-42AA-8186-610809F04374}.Release|Any CPU.ActiveCfg = Release|Any CPU
		{95601293-C09E-42AA-8186-610809F04374}.Release|Any CPU.Build.0 = Release|Any CPU
		{89E6344F-76EA-4903-97C7-697BC9EA955E}.Debug|Any CPU.ActiveCfg = Debug|Any CPU
		{89E6344F-76EA-4903-97C7-697BC9EA955E}.Debug|Any CPU.Build.0 = Debug|Any CPU
		{89E6344F-76EA-4903-97C7-697BC9EA955E}.Release|Any CPU.ActiveCfg = Release|Any CPU
		{89E6344F-76EA-4903-97C7-697BC9EA955E}.Release|Any CPU.Build.0 = Release|Any CPU
		{4D240943-1B6D-4B33-A217-44F37A254B5C}.Debug|Any CPU.ActiveCfg = Debug|Any CPU
		{4D240943-1B6D-4B33-A217-44F37A254B5C}.Debug|Any CPU.Build.0 = Debug|Any CPU
		{4D240943-1B6D-4B33-A217-44F37A254B5C}.Release|Any CPU.ActiveCfg = Release|Any CPU
		{4D240943-1B6D-4B33-A217-44F37A254B5C}.Release|Any CPU.Build.0 = Release|Any CPU
		{053DBDC4-4A20-48DB-A344-90AC9A53FD50}.Debug|Any CPU.ActiveCfg = Debug|Any CPU
		{053DBDC4-4A20-48DB-A344-90AC9A53FD50}.Debug|Any CPU.Build.0 = Debug|Any CPU
		{053DBDC4-4A20-48DB-A344-90AC9A53FD50}.Release|Any CPU.ActiveCfg = Release|Any CPU
		{053DBDC4-4A20-48DB-A344-90AC9A53FD50}.Release|Any CPU.Build.0 = Release|Any CPU
		{BDA56F1C-2EEB-4A09-A69A-EB34B43414E9}.Debug|Any CPU.ActiveCfg = Debug|Any CPU
		{BDA56F1C-2EEB-4A09-A69A-EB34B43414E9}.Debug|Any CPU.Build.0 = Debug|Any CPU
		{BDA56F1C-2EEB-4A09-A69A-EB34B43414E9}.Release|Any CPU.ActiveCfg = Release|Any CPU
		{BDA56F1C-2EEB-4A09-A69A-EB34B43414E9}.Release|Any CPU.Build.0 = Release|Any CPU
	EndGlobalSection
	GlobalSection(SolutionProperties) = preSolution
		HideSolutionNode = FALSE
	EndGlobalSection
	GlobalSection(ExtensibilityGlobals) = postSolution
		SolutionGuid = {3FBD173B-C244-4F34-BEDD-776410ECD557}
	EndGlobalSection
EndGlobal
